
Microsoft Visual Studio Solution File, Format Version 12.00
# Visual Studio Version 16
VisualStudioVersion = 25.0.1704.0
MinimumVisualStudioVersion = 10.0.40219.1
Project("{FAE04EC0-301F-11D3-BF4B-00C04F79EFBC}") = "IBAS-menu", "IBAS-menu.csproj", "{5EA59BEE-4D26-456B-8C25-6C79724A42B0}"
EndProject
Global
	GlobalSection(SolutionConfigurationPlatforms) = preSolution
		Debug|Any CPU = Debug|Any CPU
		Release|Any CPU = Release|Any CPU
	EndGlobalSection
	GlobalSection(ProjectConfigurationPlatforms) = postSolution
		{5EA59BEE-4D26-456B-8C25-6C79724A42B0}.Debug|Any CPU.ActiveCfg = Debug|Any CPU
		{5EA59BEE-4D26-456B-8C25-6C79724A42B0}.Debug|Any CPU.Build.0 = Debug|Any CPU
		{5EA59BEE-4D26-456B-8C25-6C79724A42B0}.Release|Any CPU.ActiveCfg = Release|Any CPU
		{5EA59BEE-4D26-456B-8C25-6C79724A42B0}.Release|Any CPU.Build.0 = Release|Any CPU
	EndGlobalSection
	GlobalSection(SolutionProperties) = preSolution
		HideSolutionNode = FALSE
	EndGlobalSection
	GlobalSection(ExtensibilityGlobals) = postSolution
		SolutionGuid = {DB62CF65-D146-4021-BFAF-26423B54DDFD}
	EndGlobalSection
EndGlobal
